
Microsoft Visual Studio Solution File, Format Version 12.00
# Visual Studio Version 17
VisualStudioVersion = 17.1.32228.430
MinimumVisualStudioVersion = 10.0.40219.1
Project("{FAE04EC0-301F-11D3-BF4B-00C04F79EFBC}") = "Ejercicio03.Android", "Ejercicio03.Android\Ejercicio03.Android.csproj", "{40E8405E-C4A7-477A-9C1F-65E30899A366}"
EndProject
Project("{FAE04EC0-301F-11D3-BF4B-00C04F79EFBC}") = "Ejercicio03.iOS", "Ejercicio03.iOS\Ejercicio03.iOS.csproj", "{89E79772-1AF3-4204-8223-90D4B5EABA25}"
EndProject
Project("{FAE04EC0-301F-11D3-BF4B-00C04F79EFBC}") = "Ejercicio03", "Ejercicio03\Ejercicio03.csproj", "{5925785A-5A67-4507-A036-A225F696241F}"
EndProject
Global
	GlobalSection(SolutionConfigurationPlatforms) = preSolution
		Debug|Any CPU = Debug|Any CPU
		Debug|ARM = Debug|ARM
		Debug|iPhone = Debug|iPhone
		Debug|iPhoneSimulator = Debug|iPhoneSimulator
		Debug|x64 = Debug|x64
		Debug|x86 = Debug|x86
		Release|Any CPU = Release|Any CPU
		Release|ARM = Release|ARM
		Release|iPhone = Release|iPhone
		Release|iPhoneSimulator = Release|iPhoneSimulator
		Release|x64 = Release|x64
		Release|x86 = Release|x86
	EndGlobalSection
	GlobalSection(ProjectConfigurationPlatforms) = postSolution
		{40E8405E-C4A7-477A-9C1F-65E30899A366}.Debug|Any CPU.ActiveCfg = Debug|Any CPU
		{40E8405E-C4A7-477A-9C1F-65E30899A366}.Debug|Any CPU.Build.0 = Debug|Any CPU
		{40E8405E-C4A7-477A-9C1F-65E30899A366}.Debug|Any CPU.Deploy.0 = Debug|Any CPU
		{40E8405E-C4A7-477A-9C1F-65E30899A366}.Debug|ARM.ActiveCfg = Debug|Any CPU
		{40E8405E-C4A7-477A-9C1F-65E30899A366}.Debug|ARM.Build.0 = Debug|Any CPU
		{40E8405E-C4A7-477A-9C1F-65E30899A366}.Debug|ARM.Deploy.0 = Debug|Any CPU
		{40E8405E-C4A7-477A-9C1F-65E30899A366}.Debug|iPhone.ActiveCfg = Debug|Any CPU
		{40E8405E-C4A7-477A-9C1F-65E30899A366}.Debug|iPhone.Build.0 = Debug|Any CPU
		{40E8405E-C4A7-477A-9C1F-65E30899A366}.Debug|iPhone.Deploy.0 = Debug|Any CPU
		{40E8405E-C4A7-477A-9C1F-65E30899A366}.Debug|iPhoneSimulator.ActiveCfg = Debug|Any CPU
		{40E8405E-C4A7-477A-9C1F-65E30899A366}.Debug|iPhoneSimulator.Build.0 = Debug|Any CPU
		{40E8405E-C4A7-477A-9C1F-65E30899A366}.Debug|iPhoneSimulator.Deploy.0 = Debug|Any CPU
		{40E8405E-C4A7-477A-9C1F-65E30899A366}.Debug|x64.ActiveCfg = Debug|Any CPU
		{40E8405E-C4A7-477A-9C1F-65E30899A366}.Debug|x64.Build.0 = Debug|Any CPU
		{40E8405E-C4A7-477A-9C1F-65E30899A366}.Debug|x64.Deploy.0 = Debug|Any CPU
		{40E8405E-C4A7-477A-9C1F-65E30899A366}.Debug|x86.ActiveCfg = Debug|Any CPU
		{40E8405E-C4A7-477A-9C1F-65E30899A366}.Debug|x86.Build.0 = Debug|Any CPU
		{40E8405E-C4A7-477A-9C1F-65E30899A366}.Debug|x86.Deploy.0 = Debug|Any CPU
		{40E8405E-C4A7-477A-9C1F-65E30899A366}.Release|Any CPU.ActiveCfg = Release|Any CPU
		{40E8405E-C4A7-477A-9C1F-65E30899A366}.Release|Any CPU.Build.0 = Release|Any CPU
		{40E8405E-C4A7-477A-9C1F-65E30899A366}.Release|Any CPU.Deploy.0 = Release|Any CPU
		{40E8405E-C4A7-477A-9C1F-65E30899A366}.Release|ARM.ActiveCfg = Release|Any CPU
		{40E8405E-C4A7-477A-9C1F-65E30899A366}.Release|ARM.Build.0 = Release|Any CPU
		{40E8405E-C4A7-477A-9C1F-65E30899A366}.Release|ARM.Deploy.0 = Release|Any CPU
		{40E8405E-C4A7-477A-9C1F-65E30899A366}.Release|iPhone.ActiveCfg = Release|Any CPU
		{40E8405E-C4A7-477A-9C1F-65E30899A366}.Release|iPhone.Build.0 = Release|Any CPU
		{40E8405E-C4A7-477A-9C1F-65E30899A366}.Release|iPhone.Deploy.0 = Release|Any CPU
		{40E8405E-C4A7-477A-9C1F-65E30899A366}.Release|iPhoneSimulator.ActiveCfg = Release|Any CPU
		{40E8405E-C4A7-477A-9C1F-65E30899A366}.Release|iPhoneSimulator.Build.0 = Release|Any CPU
		{40E8405E-C4A7-477A-9C1F-65E30899A366}.Release|iPhoneSimulator.Deploy.0 = Release|Any CPU
		{40E8405E-C4A7-477A-9C1F-65E30899A366}.Release|x64.ActiveCfg = Release|Any CPU
		{40E8405E-C4A7-477A-9C1F-65E30899A366}.Release|x64.Build.0 = Release|Any CPU
		{40E8405E-C4A7-477A-9C1F-65E30899A366}.Release|x64.Deploy.0 = Release|Any CPU
		{40E8405E-C4A7-477A-9C1F-65E30899A366}.Release|x86.ActiveCfg = Release|Any CPU
		{40E8405E-C4A7-477A-9C1F-65E30899A366}.Release|x86.Build.0 = Release|Any CPU
		{40E8405E-C4A7-477A-9C1F-65E30899A366}.Release|x86.Deploy.0 = Release|Any CPU
		{89E79772-1AF3-4204-8223-90D4B5EABA25}.Debug|Any CPU.ActiveCfg = Debug|iPhoneSimulator
		{89E79772-1AF3-4204-8223-90D4B5EABA25}.Debug|Any CPU.Build.0 = Debug|iPhoneSimulator
		{89E79772-1AF3-4204-8223-90D4B5EABA25}.Debug|Any CPU.Deploy.0 = Debug|iPhoneSimulator
		{89E79772-1AF3-4204-8223-90D4B5EABA25}.Debug|ARM.ActiveCfg = Debug|iPhoneSimulator
		{89E79772-1AF3-4204-8223-90D4B5EABA25}.Debug|ARM.Build.0 = Debug|iPhoneSimulator
		{89E79772-1AF3-4204-8223-90D4B5EABA25}.Debug|ARM.Deploy.0 = Debug|iPhoneSimulator
		{89E79772-1AF3-4204-8223-90D4B5EABA25}.Debug|iPhone.ActiveCfg = Debug|iPhone
		{89E79772-1AF3-4204-8223-90D4B5EABA25}.Debug|iPhone.Build.0 = Debug|iPhone
		{89E79772-1AF3-4204-8223-90D4B5EABA25}.Debug|iPhone.Deploy.0 = Debug|iPhone
		{89E79772-1AF3-4204-8223-90D4B5EABA25}.Debug|iPhoneSimulator.ActiveCfg = Debug|iPhoneSimulator
		{89E79772-1AF3-4204-8223-90D4B5EABA25}.Debug|iPhoneSimulator.Build.0 = Debug|iPhoneSimulator
		{89E79772-1AF3-4204-8223-90D4B5EABA25}.Debug|iPhoneSimulator.Deploy.0 = Debug|iPhoneSimulator
		{89E79772-1AF3-4204-8223-90D4B5EABA25}.Debug|x64.ActiveCfg = Debug|iPhone
		{89E79772-1AF3-4204-8223-90D4B5EABA25}.Debug|x64.Build.0 = Debug|iPhone
		{89E79772-1AF3-4204-8223-90D4B5EABA25}.Debug|x64.Deploy.0 = Debug|iPhone
		{89E79772-1AF3-4204-8223-90D4B5EABA25}.Debug|x86.ActiveCfg = Debug|iPhoneSimulator
		{89E79772-1AF3-4204-8223-90D4B5EABA25}.Debug|x86.Build.0 = Debug|iPhoneSimulator
		{89E79772-1AF3-4204-8223-90D4B5EABA25}.Debug|x86.Deploy.0 = Debug|iPhoneSimulator
		{89E79772-1AF3-4204-8223-90D4B5EABA25}.Release|Any CPU.ActiveCfg = Release|iPhoneSimulator
		{89E79772-1AF3-4204-8223-90D4B5EABA25}.Release|Any CPU.Build.0 = Release|iPhoneSimulator
		{89E79772-1AF3-4204-8223-90D4B5EABA25}.Release|Any CPU.Deploy.0 = Release|iPhoneSimulator
		{89E79772-1AF3-4204-8223-90D4B5EABA25}.Release|ARM.ActiveCfg = Release|iPhoneSimulator
		{89E79772-1AF3-4204-8223-90D4B5EABA25}.Release|ARM.Build.0 = Release|iPhoneSimulator
		{89E79772-1AF3-4204-8223-90D4B5EABA25}.Release|ARM.Deploy.0 = Release|iPhoneSimulator
		{89E79772-1AF3-4204-8223-90D4B5EABA25}.Release|iPhone.ActiveCfg = Release|iPhone
		{89E79772-1AF3-4204-8223-90D4B5EABA25}.Release|iPhone.Build.0 = Release|iPhone
		{89E79772-1AF3-4204-8223-90D4B5EABA25}.Release|iPhone.Deploy.0 = Release|iPhone
		{89E79772-1AF3-4204-8223-90D4B5EABA25}.Release|iPhoneSimulator.ActiveCfg = Release|iPhoneSimulator
		{89E79772-1AF3-4204-8223-90D4B5EABA25}.Release|iPhoneSimulator.Build.0 = Release|iPhoneSimulator
		{89E79772-1AF3-4204-8223-90D4B5EABA25}.Release|iPhoneSimulator.Deploy.0 = Release|iPhoneSimulator
		{89E79772-1AF3-4204-8223-90D4B5EABA25}.Release|x64.ActiveCfg = Release|iPhoneSimulator
		{89E79772-1AF3-4204-8223-90D4B5EABA25}.Release|x64.Build.0 = Release|iPhoneSimulator
		{89E79772-1AF3-4204-8223-90D4B5EABA25}.Release|x64.Deploy.0 = Release|iPhoneSimulator
		{89E79772-1AF3-4204-8223-90D4B5EABA25}.Release|x86.ActiveCfg = Release|iPhoneSimulator
		{89E79772-1AF3-4204-8223-90D4B5EABA25}.Release|x86.Build.0 = Release|iPhoneSimulator
		{89E79772-1AF3-4204-8223-90D4B5EABA25}.Release|x86.Deploy.0 = Release|iPhoneSimulator
		{5925785A-5A67-4507-A036-A225F696241F}.Debug|Any CPU.ActiveCfg = Debug|Any CPU
		{5925785A-5A67-4507-A036-A225F696241F}.Debug|Any CPU.Build.0 = Debug|Any CPU
		{5925785A-5A67-4507-A036-A225F696241F}.Debug|Any CPU.Deploy.0 = Debug|Any CPU
		{5925785A-5A67-4507-A036-A225F696241F}.Debug|ARM.ActiveCfg = Debug|Any CPU
		{5925785A-5A67-4507-A036-A225F696241F}.Debug|ARM.Build.0 = Debug|Any CPU
		{5925785A-5A67-4507-A036-A225F696241F}.Debug|ARM.Deploy.0 = Debug|Any CPU
		{5925785A-5A67-4507-A036-A225F696241F}.Debug|iPhone.ActiveCfg = Debug|Any CPU
		{5925785A-5A67-4507-A036-A225F696241F}.Debug|iPhone.Build.0 = Debug|Any CPU
		{5925785A-5A67-4507-A036-A225F696241F}.Debug|iPhone.Deploy.0 = Debug|Any CPU
		{5925785A-5A67-4507-A036-A225F696241F}.Debug|iPhoneSimulator.ActiveCfg = Debug|Any CPU
		{5925785A-5A67-4507-A036-A225F696241F}.Debug|iPhoneSimulator.Build.0 = Debug|Any CPU
		{5925785A-5A67-4507-A036-A225F696241F}.Debug|iPhoneSimulator.Deploy.0 = Debug|Any CPU
		{5925785A-5A67-4507-A036-A225F696241F}.Debug|x64.ActiveCfg = Debug|Any CPU
		{5925785A-5A67-4507-A036-A225F696241F}.Debug|x64.Build.0 = Debug|Any CPU
		{5925785A-5A67-4507-A036-A225F696241F}.Debug|x64.Deploy.0 = Debug|Any CPU
		{5925785A-5A67-4507-A036-A225F696241F}.Debug|x86.ActiveCfg = Debug|Any CPU
		{5925785A-5A67-4507-A036-A225F696241F}.Debug|x86.Build.0 = Debug|Any CPU
		{5925785A-5A67-4507-A036-A225F696241F}.Debug|x86.Deploy.0 = Debug|Any CPU
		{5925785A-5A67-4507-A036-A225F696241F}.Release|Any CPU.ActiveCfg = Release|Any CPU
		{5925785A-5A67-4507-A036-A225F696241F}.Release|Any CPU.Build.0 = Release|Any CPU
		{5925785A-5A67-4507-A036-A225F696241F}.Release|Any CPU.Deploy.0 = Release|Any CPU
		{5925785A-5A67-4507-A036-A225F696241F}.Release|ARM.ActiveCfg = Release|Any CPU
		{5925785A-5A67-4507-A036-A225F696241F}.Release|ARM.Build.0 = Release|Any CPU
		{5925785A-5A67-4507-A036-A225F696241F}.Release|ARM.Deploy.0 = Release|Any CPU
		{5925785A-5A67-4507-A036-A225F696241F}.Release|iPhone.ActiveCfg = Release|Any CPU
		{5925785A-5A67-4507-A036-A225F696241F}.Release|iPhone.Build.0 = Release|Any CPU
		{5925785A-5A67-4507-A036-A225F696241F}.Release|iPhone.Deploy.0 = Release|Any CPU
		{5925785A-5A67-4507-A036-A225F696241F}.Release|iPhoneSimulator.ActiveCfg = Release|Any CPU
		{5925785A-5A67-4507-A036-A225F696241F}.Release|iPhoneSimulator.Build.0 = Release|Any CPU
		{5925785A-5A67-4507-A036-A225F696241F}.Release|iPhoneSimulator.Deploy.0 = Release|Any CPU
		{5925785A-5A67-4507-A036-A225F696241F}.Release|x64.ActiveCfg = Release|Any CPU
		{5925785A-5A67-4507-A036-A225F696241F}.Release|x64.Build.0 = Release|Any CPU
		{5925785A-5A67-4507-A036-A225F696241F}.Release|x64.Deploy.0 = Release|Any CPU
		{5925785A-5A67-4507-A036-A225F696241F}.Release|x86.ActiveCfg = Release|Any CPU
		{5925785A-5A67-4507-A036-A225F696241F}.Release|x86.Build.0 = Release|Any CPU
		{5925785A-5A67-4507-A036-A225F696241F}.Release|x86.Deploy.0 = Release|Any CPU
	EndGlobalSection
	GlobalSection(SolutionProperties) = preSolution
		HideSolutionNode = FALSE
	EndGlobalSection
	GlobalSection(ExtensibilityGlobals) = postSolution
		SolutionGuid = {0F05702F-67B1-47BD-8101-33D9E7A8133B}
	EndGlobalSection
EndGlobal
